
Microsoft Visual Studio Solution File, Format Version 12.00
# Visual Studio 15
Project("{FAE04EC0-301F-11D3-BF4B-00C04F79EFBC}") = "Assembly-CSharp", "Assembly-CSharp.csproj", "{96DA3BEC-5BF1-305B-5F45-50A40389EA32}"
EndProject
Project("{FAE04EC0-301F-11D3-BF4B-00C04F79EFBC}") = "Assembly-CSharp-Editor", "Assembly-CSharp-Editor.csproj", "{6DB48346-C232-8732-76AA-88CEE39F3EB8}"
EndProject
Global
	GlobalSection(SolutionConfigurationPlatforms) = preSolution
		Debug|Any CPU = Debug|Any CPU
		Release|Any CPU = Release|Any CPU
	EndGlobalSection
	GlobalSection(ProjectConfigurationPlatforms) = postSolution
		{96DA3BEC-5BF1-305B-5F45-50A40389EA32}.Debug|Any CPU.ActiveCfg = Debug|Any CPU
		{96DA3BEC-5BF1-305B-5F45-50A40389EA32}.Debug|Any CPU.Build.0 = Debug|Any CPU
		{96DA3BEC-5BF1-305B-5F45-50A40389EA32}.Release|Any CPU.ActiveCfg = Release|Any CPU
		{96DA3BEC-5BF1-305B-5F45-50A40389EA32}.Release|Any CPU.Build.0 = Release|Any CPU
		{6DB48346-C232-8732-76AA-88CEE39F3EB8}.Debug|Any CPU.ActiveCfg = Debug|Any CPU
		{6DB48346-C232-8732-76AA-88CEE39F3EB8}.Debug|Any CPU.Build.0 = Debug|Any CPU
		{6DB48346-C232-8732-76AA-88CEE39F3EB8}.Release|Any CPU.ActiveCfg = Release|Any CPU
		{6DB48346-C232-8732-76AA-88CEE39F3EB8}.Release|Any CPU.Build.0 = Release|Any CPU
	EndGlobalSection
	GlobalSection(SolutionProperties) = preSolution
		HideSolutionNode = FALSE
	EndGlobalSection
EndGlobal
